// !$*UTF8*$!
{
	archiveVersion = 1;
	classes = {
	};
	objectVersion = 46;
	objects = {

/* Begin PBXBuildFile section */
		847856061B2244F7002F19FC /* main.m in Sources */ = {isa = PBXBuildFile; fileRef = 847856051B2244F7002F19FC /* main.m */; };
		847856091B2244F7002F19FC /* AppDelegate.m in Sources */ = {isa = PBXBuildFile; fileRef = 847856081B2244F7002F19FC /* AppDelegate.m */; };
		8478560C1B2244F7002F19FC /* ViewController.m in Sources */ = {isa = PBXBuildFile; fileRef = 8478560B1B2244F7002F19FC /* ViewController.m */; };
		8478560F1B2244F7002F19FC /* Main.storyboard in Resources */ = {isa = PBXBuildFile; fileRef = 8478560D1B2244F7002F19FC /* Main.storyboard */; };
		847856111B2244F7002F19FC /* Images.xcassets in Resources */ = {isa = PBXBuildFile; fileRef = 847856101B2244F7002F19FC /* Images.xcassets */; };
		847856141B2244F7002F19FC /* LaunchScreen.xib in Resources */ = {isa = PBXBuildFile; fileRef = 847856121B2244F7002F19FC /* LaunchScreen.xib */; };
		847856201B2244F7002F19FC /* ImageSearchTests.m in Sources */ = {isa = PBXBuildFile; fileRef = 8478561F1B2244F7002F19FC /* ImageSearchTests.m */; };
/* End PBXBuildFile section */

/* Begin PBXContainerItemProxy section */
		8478561A1B2244F7002F19FC /* PBXContainerItemProxy */ = {
			isa = PBXContainerItemProxy;
			containerPortal = 847855F81B2244F6002F19FC /* Project object */;
			proxyType = 1;
			remoteGlobalIDString = 847855FF1B2244F6002F19FC;
			remoteInfo = ImageSearch;
		};
/* End PBXContainerItemProxy section */

/* Begin PBXFileReference section */
		847856001B2244F6002F19FC /* ImageSearch.app */ = {isa = PBXFileReference; explicitFileType = wrapper.application; includeInIndex = 0; path = ImageSearch.app; sourceTree = BUILT_PRODUCTS_DIR; };
		847856041B2244F7002F19FC /* Info.plist */ = {isa = PBXFileReference; lastKnownFileType = text.plist.xml; path = Info.plist; sourceTree = "<group>"; };
		847856051B2244F7002F19FC /* main.m */ = {isa = PBXFileReference; lastKnownFileType = sourcecode.c.objc; path = main.m; sourceTree = "<group>"; };
		847856071B2244F7002F19FC /* AppDelegate.h */ = {isa = PBXFileReference; lastKnownFileType = sourcecode.c.h; path = AppDelegate.h; sourceTree = "<group>"; };
		847856081B2244F7002F19FC /* AppDelegate.m */ = {isa = PBXFileReference; lastKnownFileType = sourcecode.c.objc; path = AppDelegate.m; sourceTree = "<group>"; };
		8478560A1B2244F7002F19FC /* ViewController.h */ = {isa = PBXFileReference; lastKnownFileType = sourcecode.c.h; path = ViewController.h; sourceTree = "<group>"; };
		8478560B1B2244F7002F19FC /* ViewController.m */ = {isa = PBXFileReference; lastKnownFileType = sourcecode.c.objc; path = ViewController.m; sourceTree = "<group>"; };
		8478560E1B2244F7002F19FC /* Base */ = {isa = PBXFileReference; lastKnownFileType = file.storyboard; name = Base; path = Base.lproj/Main.storyboard; sourceTree = "<group>"; };
		847856101B2244F7002F19FC /* Images.xcassets */ = {isa = PBXFileReference; lastKnownFileType = folder.assetcatalog; path = Images.xcassets; sourceTree = "<group>"; };
		847856131B2244F7002F19FC /* Base */ = {isa = PBXFileReference; lastKnownFileType = file.xib; name = Base; path = Base.lproj/LaunchScreen.xib; sourceTree = "<group>"; };
		847856191B2244F7002F19FC /* ImageSearchTests.xctest */ = {isa = PBXFileReference; explicitFileType = wrapper.cfbundle; includeInIndex = 0; path = ImageSearchTests.xctest; sourceTree = BUILT_PRODUCTS_DIR; };
		8478561E1B2244F7002F19FC /* Info.plist */ = {isa = PBXFileReference; lastKnownFileType = text.plist.xml; path = Info.plist; sourceTree = "<group>"; };
		8478561F1B2244F7002F19FC /* ImageSearchTests.m */ = {isa = PBXFileReference; lastKnownFileType = sourcecode.c.objc; path = ImageSearchTests.m; sourceTree = "<group>"; };
/* End PBXFileReference section */

/* Begin PBXFrameworksBuildPhase section */
		847855FD1B2244F6002F19FC /* Frameworks */ = {
			isa = PBXFrameworksBuildPhase;
			buildActionMask = 2147483647;
			files = (
			);
			runOnlyForDeploymentPostprocessing = 0;
		};
		847856161B2244F7002F19FC /* Frameworks */ = {
			isa = PBXFrameworksBuildPhase;
			buildActionMask = 2147483647;
			files = (
			);
			runOnlyForDeploymentPostprocessing = 0;
		};
/* End PBXFrameworksBuildPhase section */

/* Begin PBXGroup section */
		847855F71B2244F6002F19FC = {
			isa = PBXGroup;
			children = (
				847856021B2244F6002F19FC /* ImageSearch */,
				8478561C1B2244F7002F19FC /* ImageSearchTests */,
				847856011B2244F6002F19FC /* Products */,
			);
			sourceTree = "<group>";
		};
		847856011B2244F6002F19FC /* Products */ = {
			isa = PBXGroup;
			children = (
				847856001B2244F6002F19FC /* ImageSearch.app */,
				847856191B2244F7002F19FC /* ImageSearchTests.xctest */,
			);
			name = Products;
			sourceTree = "<group>";
		};
		847856021B2244F6002F19FC /* ImageSearch */ = {
			isa = PBXGroup;
			children = (
				847856071B2244F7002F19FC /* AppDelegate.h */,
				847856081B2244F7002F19FC /* AppDelegate.m */,
				8478560A1B2244F7002F19FC /* ViewController.h */,
				8478560B1B2244F7002F19FC /* ViewController.m */,
				8478560D1B2244F7002F19FC /* Main.storyboard */,
				847856101B2244F7002F19FC /* Images.xcassets */,
				847856121B2244F7002F19FC /* LaunchScreen.xib */,
				847856031B2244F6002F19FC /* Supporting Files */,
			);
			path = ImageSearch;
			sourceTree = "<group>";
		};
		847856031B2244F6002F19FC /* Supporting Files */ = {
			isa = PBXGroup;
			children = (
				847856041B2244F7002F19FC /* Info.plist */,
				847856051B2244F7002F19FC /* main.m */,
			);
			name = "Supporting Files";
			sourceTree = "<group>";
		};
		8478561C1B2244F7002F19FC /* ImageSearchTests */ = {
			isa = PBXGroup;
			children = (
				8478561F1B2244F7002F19FC /* ImageSearchTests.m */,
				8478561D1B2244F7002F19FC /* Supporting Files */,
			);
			path = ImageSearchTests;
			sourceTree = "<group>";
		};
		8478561D1B2244F7002F19FC /* Supporting Files */ = {
			isa = PBXGroup;
			children = (
				8478561E1B2244F7002F19FC /* Info.plist */,
			);
			name = "Supporting Files";
			sourceTree = "<group>";
		};
/* End PBXGroup section */

/* Begin PBXNativeTarget section */
		847855FF1B2244F6002F19FC /* ImageSearch */ = {
			isa = PBXNativeTarget;
			buildConfigurationList = 847856231B2244F7002F19FC /* Build configuration list for PBXNativeTarget "ImageSearch" */;
			buildPhases = (
				847855FC1B2244F6002F19FC /* Sources */,
				847855FD1B2244F6002F19FC /* Frameworks */,
				847855FE1B2244F6002F19FC /* Resources */,
			);
			buildRules = (
			);
			dependencies = (
			);
			name = ImageSearch;
			productName = ImageSearch;
			productReference = 847856001B2244F6002F19FC /* ImageSearch.app */;
			productType = "com.apple.product-type.application";
		};
		847856181B2244F7002F19FC /* ImageSearchTests */ = {
			isa = PBXNativeTarget;
			buildConfigurationList = 847856261B2244F7002F19FC /* Build configuration list for PBXNativeTarget "ImageSearchTests" */;
			buildPhases = (
				847856151B2244F7002F19FC /* Sources */,
				847856161B2244F7002F19FC /* Frameworks */,
				847856171B2244F7002F19FC /* Resources */,
			);
			buildRules = (
			);
			dependencies = (
				8478561B1B2244F7002F19FC /* PBXTargetDependency */,
			);
			name = ImageSearchTests;
			productName = ImageSearchTests;
			productReference = 847856191B2244F7002F19FC /* ImageSearchTests.xctest */;
			productType = "com.apple.product-type.bundle.unit-test";
		};
/* End PBXNativeTarget section */

/* Begin PBXProject section */
		847855F81B2244F6002F19FC /* Project object */ = {
			isa = PBXProject;
			attributes = {
				LastUpgradeCheck = 0630;
				ORGANIZATIONNAME = EddieFu;
				TargetAttributes = {
					847855FF1B2244F6002F19FC = {
						CreatedOnToolsVersion = 6.3.2;
					};
					847856181B2244F7002F19FC = {
						CreatedOnToolsVersion = 6.3.2;
						TestTargetID = 847855FF1B2244F6002F19FC;
					};
				};
			};
			buildConfigurationList = 847855FB1B2244F6002F19FC /* Build configuration list for PBXProject "ImageSearch" */;
			compatibilityVersion = "Xcode 3.2";
			developmentRegion = English;
			hasScannedForEncodings = 0;
			knownRegions = (
				en,
				Base,
			);
			mainGroup = 847855F71B2244F6002F19FC;
			productRefGroup = 847856011B2244F6002F19FC /* Products */;
			projectDirPath = "";
			projectRoot = "";
			targets = (
				847855FF1B2244F6002F19FC /* ImageSearch */,
				847856181B2244F7002F19FC /* ImageSearchTests */,
			);
		};
/* End PBXProject section */

/* Begin PBXResourcesBuildPhase section */
		847855FE1B2244F6002F19FC /* Resources */ = {
			isa = PBXResourcesBuildPhase;
			buildActionMask = 2147483647;
			files = (
				8478560F1B2244F7002F19FC /* Main.storyboard in Resources */,
				847856141B2244F7002F19FC /* LaunchScreen.xib in Resources */,
				847856111B2244F7002F19FC /* Images.xcassets in Resources */,
			);
			runOnlyForDeploymentPostprocessing = 0;
		};
		847856171B2244F7002F19FC /* Resources */ = {
			isa = PBXResourcesBuildPhase;
			buildActionMask = 2147483647;
			files = (
			);
			runOnlyForDeploymentPostprocessing = 0;
		};
/* End PBXResourcesBuildPhase section */

/* Begin PBXSourcesBuildPhase section */
		847855FC1B2244F6002F19FC /* Sources */ = {
			isa = PBXSourcesBuildPhase;
			buildActionMask = 2147483647;
			files = (
				8478560C1B2244F7002F19FC /* ViewController.m in Sources */,
				847856091B2244F7002F19FC /* AppDelegate.m in Sources */,
				847856061B2244F7002F19FC /* main.m in Sources */,
			);
			runOnlyForDeploymentPostprocessing = 0;
		};
		847856151B2244F7002F19FC /* Sources */ = {
			isa = PBXSourcesBuildPhase;
			buildActionMask = 2147483647;
			files = (
				847856201B2244F7002F19FC /* ImageSearchTests.m in Sources */,
			);
			runOnlyForDeploymentPostprocessing = 0;
		};
/* End PBXSourcesBuildPhase section */

/* Begin PBXTargetDependency section */
		8478561B1B2244F7002F19FC /* PBXTargetDependency */ = {
			isa = PBXTargetDependency;
			target = 847855FF1B2244F6002F19FC /* ImageSearch */;
			targetProxy = 8478561A1B2244F7002F19FC /* PBXContainerItemProxy */;
		};
/* End PBXTargetDependency section */

/* Begin PBXVariantGroup section */
		8478560D1B2244F7002F19FC /* Main.storyboard */ = {
			isa = PBXVariantGroup;
			children = (
				8478560E1B2244F7002F19FC /* Base */,
			);
			name = Main.storyboard;
			sourceTree = "<group>";
		};
		847856121B2244F7002F19FC /* LaunchScreen.xib */ = {
			isa = PBXVariantGroup;
			children = (
				847856131B2244F7002F19FC /* Base */,
			);
			name = LaunchScreen.xib;
			sourceTree = "<group>";
		};
/* End PBXVariantGroup section */

/* Begin XCBuildConfiguration section */
		847856211B2244F7002F19FC /* Debug */ = {
			isa = XCBuildConfiguration;
			buildSettings = {
				ALWAYS_SEARCH_USER_PATHS = NO;
				CLANG_CXX_LANGUAGE_STANDARD = "gnu++0x";
				CLANG_CXX_LIBRARY = "libc++";
				CLANG_ENABLE_MODULES = YES;
				CLANG_ENABLE_OBJC_ARC = YES;
				CLANG_WARN_BOOL_CONVERSION = YES;
				CLANG_WARN_CONSTANT_CONVERSION = YES;
				CLANG_WARN_DIRECT_OBJC_ISA_USAGE = YES_ERROR;
				CLANG_WARN_EMPTY_BODY = YES;
				CLANG_WARN_ENUM_CONVERSION = YES;
				CLANG_WARN_INT_CONVERSION = YES;
				CLANG_WARN_OBJC_ROOT_CLASS = YES_ERROR;
				CLANG_WARN_UNREACHABLE_CODE = YES;
				CLANG_WARN__DUPLICATE_METHOD_MATCH = YES;
				"CODE_SIGN_IDENTITY[sdk=iphoneos*]" = "iPhone Developer";
				COPY_PHASE_STRIP = NO;
				DEBUG_INFORMATION_FORMAT = "dwarf-with-dsym";
				ENABLE_STRICT_OBJC_MSGSEND = YES;
				GCC_C_LANGUAGE_STANDARD = gnu99;
				GCC_DYNAMIC_NO_PIC = NO;
				GCC_NO_COMMON_BLOCKS = YES;
				GCC_OPTIMIZATION_LEVEL = 0;
				GCC_PREPROCESSOR_DEFINITIONS = (
					"DEBUG=1",
					"$(inherited)",
				);
				GCC_SYMBOLS_PRIVATE_EXTERN = NO;
				GCC_WARN_64_TO_32_BIT_CONVERSION = YES;
				GCC_WARN_ABOUT_RETURN_TYPE = YES_ERROR;
				GCC_WARN_UNDECLARED_SELECTOR = YES;
				GCC_WARN_UNINITIALIZED_AUTOS = YES_AGGRESSIVE;
				GCC_WARN_UNUSED_FUNCTION = YES;
				GCC_WARN_UNUSED_VARIABLE = YES;
				IPHONEOS_DEPLOYMENT_TARGET = 8.3;
				MTL_ENABLE_DEBUG_INFO = YES;
				ONLY_ACTIVE_ARCH = YES;
				SDKROOT = iphoneos;
			};
			name = Debug;
		};
		847856221B2244F7002F19FC /* Release */ = {
			isa = XCBuildConfiguration;
			buildSettings = {
				ALWAYS_SEARCH_USER_PATHS = NO;
				CLANG_CXX_LANGUAGE_STANDARD = "gnu++0x";
				CLANG_CXX_LIBRARY = "libc++";
				CLANG_ENABLE_MODULES = YES;
				CLANG_ENABLE_OBJC_ARC = YES;
				CLANG_WARN_BOOL_CONVERSION = YES;
				CLANG_WARN_CONSTANT_CONVERSION = YES;
				CLANG_WARN_DIRECT_OBJC_ISA_USAGE = YES_ERROR;
				CLANG_WARN_EMPTY_BODY = YES;
				CLANG_WARN_ENUM_CONVERSION = YES;
				CLANG_WARN_INT_CONVERSION = YES;
				CLANG_WARN_OBJC_ROOT_CLASS = YES_ERROR;
				CLANG_WARN_UNREACHABLE_CODE = YES;
				CLANG_WARN__DUPLICATE_METHOD_MATCH = YES;
				"CODE_SIGN_IDENTITY[sdk=iphoneos*]" = "iPhone Developer";
				COPY_PHASE_STRIP = NO;
				DEBUG_INFORMATION_FORMAT = "dwarf-with-dsym";
				ENABLE_NS_ASSERTIONS = NO;
				ENABLE_STRICT_OBJC_MSGSEND = YES;
				GCC_C_LANGUAGE_STANDARD = gnu99;
				GCC_NO_COMMON_BLOCKS = YES;
				GCC_WARN_64_TO_32_BIT_CONVERSION = YES;
				GCC_WARN_ABOUT_RETURN_TYPE = YES_ERROR;
				GCC_WARN_UNDECLARED_SELECTOR = YES;
				GCC_WARN_UNINITIALIZED_AUTOS = YES_AGGRESSIVE;
				GCC_WARN_UNUSED_FUNCTION = YES;
				GCC_WARN_UNUSED_VARIABLE = YES;
				IPHONEOS_DEPLOYMENT_TARGET = 8.3;
				MTL_ENABLE_DEBUG_INFO = NO;
				SDKROOT = iphoneos;
				VALIDATE_PRODUCT = YES;
			};
			name = Release;
		};
		847856241B2244F7002F19FC /* Debug */ = {
			isa = XCBuildConfiguration;
			buildSettings = {
				ASSETCATALOG_COMPILER_APPICON_NAME = AppIcon;
				INFOPLIST_FILE = ImageSearch/Info.plist;
				LD_RUNPATH_SEARCH_PATHS = "$(inherited) @executable_path/Frameworks";
				PRODUCT_NAME = "$(TARGET_NAME)";
			};
			name = Debug;
		};
		847856251B2244F7002F19FC /* Release */ = {
			isa = XCBuildConfiguration;
			buildSettings = {
				ASSETCATALOG_COMPILER_APPICON_NAME = AppIcon;
				INFOPLIST_FILE = ImageSearch/Info.plist;
				LD_RUNPATH_SEARCH_PATHS = "$(inherited) @executable_path/Frameworks";
				PRODUCT_NAME = "$(TARGET_NAME)";
			};
			name = Release;
		};
		847856271B2244F7002F19FC /* Debug */ = {
			isa = XCBuildConfiguration;
			buildSettings = {
				BUNDLE_LOADER = "$(TEST_HOST)";
				FRAMEWORK_SEARCH_PATHS = (
					"$(SDKROOT)/Developer/Library/Frameworks",
					"$(inherited)",
				);
				GCC_PREPROCESSOR_DEFINITIONS = (
					"DEBUG=1",
					"$(inherited)",
				);
				INFOPLIST_FILE = ImageSearchTests/Info.plist;
				LD_RUNPATH_SEARCH_PATHS = "$(inherited) @executable_path/Frameworks @loader_path/Frameworks";
				PRODUCT_NAME = "$(TARGET_NAME)";
				TEST_HOST = "$(BUILT_PRODUCTS_DIR)/ImageSearch.app/ImageSearch";
			};
			name = Debug;
		};
		847856281B2244F7002F19FC /* Release */ = {
			isa = XCBuildConfiguration;
			buildSettings = {
				BUNDLE_LOADER = "$(TEST_HOST)";
				FRAMEWORK_SEARCH_PATHS = (
					"$(SDKROOT)/Developer/Library/Frameworks",
					"$(inherited)",
				);
				INFOPLIST_FILE = ImageSearchTests/Info.plist;
				LD_RUNPATH_SEARCH_PATHS = "$(inherited) @executable_path/Frameworks @loader_path/Frameworks";
				PRODUCT_NAME = "$(TARGET_NAME)";
				TEST_HOST = "$(BUILT_PRODUCTS_DIR)/ImageSearch.app/ImageSearch";
			};
			name = Release;
		};
/* End XCBuildConfiguration section */

/* Begin XCConfigurationList section */
		847855FB1B2244F6002F19FC /* Build configuration list for PBXProject "ImageSearch" */ = {
			isa = XCConfigurationList;
			buildConfigurations = (
				847856211B2244F7002F19FC /* Debug */,
				847856221B2244F7002F19FC /* Release */,
			);
			defaultConfigurationIsVisible = 0;
			defaultConfigurationName = Release;
		};
		847856231B2244F7002F19FC /* Build configuration list for PBXNativeTarget "ImageSearch" */ = {
			isa = XCConfigurationList;
			buildConfigurations = (
				847856241B2244F7002F19FC /* Debug */,
				847856251B2244F7002F19FC /* Release */,
			);
			defaultConfigurationIsVisible = 0;
		};
		847856261B2244F7002F19FC /* Build configuration list for PBXNativeTarget "ImageSearchTests" */ = {
			isa = XCConfigurationList;
			buildConfigurations = (
				847856271B2244F7002F19FC /* Debug */,
				847856281B2244F7002F19FC /* Release */,
			);
			defaultConfigurationIsVisible = 0;
		};
/* End XCConfigurationList section */
	};
	rootObject = 847855F81B2244F6002F19FC /* Project object */;
}
